
Microsoft Visual Studio Solution File, Format Version 12.00
# Visual Studio Version 17
VisualStudioVersion = 17.5.33424.131
MinimumVisualStudioVersion = 10.0.40219.1
Project("{F184B08F-C81C-45F6-A57F-5ABD9991F28F}") = "WindowsApp1", "WindowsApp1\WindowsApp1.vbproj", "{BED4F87A-84EF-4607-98B5-5697D71B9A83}"
EndProject
Global
	GlobalSection(SolutionConfigurationPlatforms) = preSolution
		Debug|Any CPU = Debug|Any CPU
		Release|Any CPU = Release|Any CPU
	EndGlobalSection
	GlobalSection(ProjectConfigurationPlatforms) = postSolution
		{BED4F87A-84EF-4607-98B5-5697D71B9A83}.Debug|Any CPU.ActiveCfg = Debug|Any CPU
		{BED4F87A-84EF-4607-98B5-5697D71B9A83}.Debug|Any CPU.Build.0 = Debug|Any CPU
		{BED4F87A-84EF-4607-98B5-5697D71B9A83}.Release|Any CPU.ActiveCfg = Release|Any CPU
		{BED4F87A-84EF-4607-98B5-5697D71B9A83}.Release|Any CPU.Build.0 = Release|Any CPU
	EndGlobalSection
	GlobalSection(SolutionProperties) = preSolution
		HideSolutionNode = FALSE
	EndGlobalSection
	GlobalSection(ExtensibilityGlobals) = postSolution
		SolutionGuid = {39954E2E-E325-4765-AC7D-7095F42C3B56}
	EndGlobalSection
EndGlobal
